github.com/aws/aws-cdk-go/awscdk/v2 v2.181.1/go.mod h1:CH/Wgsf3oZYZWYXVaYw4Bg3/C6X8k6y0Cc8PFCx/dCw=
github.com/aws/constructs-go/constructs/v10 v10.4.2/go.mod h1:cXsNCKDV+9eR9zYYfwy6QuE4uPFp6jsq6TtH1MwBx9w=
github.com/aws/jsii-runtime-go v1.106.0/go.mod h1:HMdZwwcI8gpwetrneEa/RUkefS194IeCeh8eJQP3xSk=
github.com/pmezard/go-difflib v1.0.0/go.mod h1:iKH77koFhYxTK1pcRnkKkqfTogsbg7gZNVY4sRDYZ/4=
